// !$*UTF8*$!
{
	archiveVersion = 1;
	classes = {
	};
	objectVersion = 50;
	objects = {

/* Begin PBXBuildFile section */
		A42A05662537721F003D26E4 /* AppDelegate.swift in Sources */ = {isa = PBXBuildFile; fileRef = A42A05652537721F003D26E4 /* AppDelegate.swift */; };
		A42A05682537721F003D26E4 /* SceneDelegate.swift in Sources */ = {isa = PBXBuildFile; fileRef = A42A05672537721F003D26E4 /* SceneDelegate.swift */; };
		A42A056A2537721F003D26E4 /* ViewController.swift in Sources */ = {isa = PBXBuildFile; fileRef = A42A05692537721F003D26E4 /* ViewController.swift */; };
		A42A056F25377220003D26E4 /* Assets.xcassets in Resources */ = {isa = PBXBuildFile; fileRef = A42A056E25377220003D26E4 /* Assets.xcassets */; };
		A42A057225377220003D26E4 /* LaunchScreen.storyboard in Resources */ = {isa = PBXBuildFile; fileRef = A42A057025377220003D26E4 /* LaunchScreen.storyboard */; };
		A42A057C253783BE003D26E4 /* iTunesAPI.swift in Sources */ = {isa = PBXBuildFile; fileRef = A42A057B253783BE003D26E4 /* iTunesAPI.swift */; };
		A42A057E253BF304003D26E4 /* CustomCell.swift in Sources */ = {isa = PBXBuildFile; fileRef = A42A057D253BF304003D26E4 /* CustomCell.swift */; };
		A43C294925437E0F00B49864 /* NikeAlbumTest.swift in Sources */ = {isa = PBXBuildFile; fileRef = A43C294825437E0F00B49864 /* NikeAlbumTest.swift */; };
		A4AC9545253CF42500D4DD64 /* CustomImageView.swift in Sources */ = {isa = PBXBuildFile; fileRef = A4AC9544253CF42500D4DD64 /* CustomImageView.swift */; };
		A4AC9547253D380000D4DD64 /* AlbumDetail.swift in Sources */ = {isa = PBXBuildFile; fileRef = A4AC9546253D380000D4DD64 /* AlbumDetail.swift */; };
		A4FD7A30253F6F7E0016A23F /* MatinyNikeChallengeTests.swift in Sources */ = {isa = PBXBuildFile; fileRef = A4FD7A2F253F6F7E0016A23F /* MatinyNikeChallengeTests.swift */; };
		A4FD7A38254140280016A23F /* MockData.json in Sources */ = {isa = PBXBuildFile; fileRef = A4FD7A37254140280016A23F /* MockData.json */; };
		A4FD7A3B2541DA110016A23F /* Album.swift in Sources */ = {isa = PBXBuildFile; fileRef = A4FD7A3A2541DA110016A23F /* Album.swift */; };
		A4FD7A4C2541FABA0016A23F /* UIView.swift in Sources */ = {isa = PBXBuildFile; fileRef = A4FD7A4B2541FABA0016A23F /* UIView.swift */; };
/* End PBXBuildFile section */

/* Begin PBXContainerItemProxy section */
		A4FD7A32253F6F7E0016A23F /* PBXContainerItemProxy */ = {
			isa = PBXContainerItemProxy;
			containerPortal = A42A055A2537721F003D26E4 /* Project object */;
			proxyType = 1;
			remoteGlobalIDString = A42A05612537721F003D26E4;
			remoteInfo = MatinyNikeChallenge;
		};
/* End PBXContainerItemProxy section */

/* Begin PBXFileReference section */
		A42A05622537721F003D26E4 /* MatinyNikeChallenge.app */ = {isa = PBXFileReference; explicitFileType = wrapper.application; includeInIndex = 0; path = MatinyNikeChallenge.app; sourceTree = BUILT_PRODUCTS_DIR; };
		A42A05652537721F003D26E4 /* AppDelegate.swift */ = {isa = PBXFileReference; lastKnownFileType = sourcecode.swift; path = AppDelegate.swift; sourceTree = "<group>"; };
		A42A05672537721F003D26E4 /* SceneDelegate.swift */ = {isa = PBXFileReference; lastKnownFileType = sourcecode.swift; path = SceneDelegate.swift; sourceTree = "<group>"; };
		A42A05692537721F003D26E4 /* ViewController.swift */ = {isa = PBXFileReference; lastKnownFileType = sourcecode.swift; path = ViewController.swift; sourceTree = "<group>"; };
		A42A056E25377220003D26E4 /* Assets.xcassets */ = {isa = PBXFileReference; lastKnownFileType = folder.assetcatalog; path = Assets.xcassets; sourceTree = "<group>"; };
		A42A057125377220003D26E4 /* Base */ = {isa = PBXFileReference; lastKnownFileType = file.storyboard; name = Base; path = Base.lproj/LaunchScreen.storyboard; sourceTree = "<group>"; };
		A42A057325377220003D26E4 /* Info.plist */ = {isa = PBXFileReference; lastKnownFileType = text.plist.xml; path = Info.plist; sourceTree = "<group>"; };
		A42A057B253783BE003D26E4 /* iTunesAPI.swift */ = {isa = PBXFileReference; lastKnownFileType = sourcecode.swift; path = iTunesAPI.swift; sourceTree = "<group>"; };
		A42A057D253BF304003D26E4 /* CustomCell.swift */ = {isa = PBXFileReference; lastKnownFileType = sourcecode.swift; path = CustomCell.swift; sourceTree = "<group>"; };
		A43C294825437E0F00B49864 /* NikeAlbumTest.swift */ = {isa = PBXFileReference; lastKnownFileType = sourcecode.swift; path = NikeAlbumTest.swift; sourceTree = "<group>"; };
		A4AC9544253CF42500D4DD64 /* CustomImageView.swift */ = {isa = PBXFileReference; lastKnownFileType = sourcecode.swift; path = CustomImageView.swift; sourceTree = "<group>"; };
		A4AC9546253D380000D4DD64 /* AlbumDetail.swift */ = {isa = PBXFileReference; lastKnownFileType = sourcecode.swift; path = AlbumDetail.swift; sourceTree = "<group>"; };
		A4FD7A2D253F6F7D0016A23F /* MatinyNikeChallengeTests.xctest */ = {isa = PBXFileReference; explicitFileType = wrapper.cfbundle; includeInIndex = 0; path = MatinyNikeChallengeTests.xctest; sourceTree = BUILT_PRODUCTS_DIR; };
		A4FD7A2F253F6F7E0016A23F /* MatinyNikeChallengeTests.swift */ = {isa = PBXFileReference; lastKnownFileType = sourcecode.swift; path = MatinyNikeChallengeTests.swift; sourceTree = "<group>"; };
		A4FD7A31253F6F7E0016A23F /* Info.plist */ = {isa = PBXFileReference; lastKnownFileType = text.plist.xml; path = Info.plist; sourceTree = "<group>"; };
		A4FD7A37254140280016A23F /* MockData.json */ = {isa = PBXFileReference; lastKnownFileType = text.json; path = MockData.json; sourceTree = "<group>"; };
		A4FD7A3A2541DA110016A23F /* Album.swift */ = {isa = PBXFileReference; lastKnownFileType = sourcecode.swift; path = Album.swift; sourceTree = "<group>"; };
		A4FD7A4B2541FABA0016A23F /* UIView.swift */ = {isa = PBXFileReference; lastKnownFileType = sourcecode.swift; path = UIView.swift; sourceTree = "<group>"; };
/* End PBXFileReference section */

/* Begin PBXFrameworksBuildPhase section */
		A42A055F2537721F003D26E4 /* Frameworks */ = {
			isa = PBXFrameworksBuildPhase;
			buildActionMask = 2147483647;
			files = (
			);
			runOnlyForDeploymentPostprocessing = 0;
		};
		A4FD7A2A253F6F7D0016A23F /* Frameworks */ = {
			isa = PBXFrameworksBuildPhase;
			buildActionMask = 2147483647;
			files = (
			);
			runOnlyForDeploymentPostprocessing = 0;
		};
/* End PBXFrameworksBuildPhase section */

/* Begin PBXGroup section */
		A42A05592537721F003D26E4 = {
			isa = PBXGroup;
			children = (
				A42A05642537721F003D26E4 /* MatinyNikeChallenge */,
				A4FD7A2E253F6F7E0016A23F /* MatinyNikeChallengeTests */,
				A42A05632537721F003D26E4 /* Products */,
			);
			sourceTree = "<group>";
		};
		A42A05632537721F003D26E4 /* Products */ = {
			isa = PBXGroup;
			children = (
				A42A05622537721F003D26E4 /* MatinyNikeChallenge.app */,
				A4FD7A2D253F6F7D0016A23F /* MatinyNikeChallengeTests.xctest */,
			);
			name = Products;
			sourceTree = "<group>";
		};
		A42A05642537721F003D26E4 /* MatinyNikeChallenge */ = {
			isa = PBXGroup;
			children = (
				A42A05652537721F003D26E4 /* AppDelegate.swift */,
				A42A05672537721F003D26E4 /* SceneDelegate.swift */,
				A42A05692537721F003D26E4 /* ViewController.swift */,
				A46DE2BB2547417300C8690C /* View */,
				A4AC9544253CF42500D4DD64 /* CustomImageView.swift */,
				A4FD7A392541D9E40016A23F /* Model */,
				A4FD7A402541EA800016A23F /* Resources */,
				A42A056E25377220003D26E4 /* Assets.xcassets */,
				A42A057025377220003D26E4 /* LaunchScreen.storyboard */,
				A42A057325377220003D26E4 /* Info.plist */,
			);
			path = MatinyNikeChallenge;
			sourceTree = "<group>";
		};
		A46DE2BB2547417300C8690C /* View */ = {
			isa = PBXGroup;
			children = (
				A4FD7A4D25432B760016A23F /* Cell */,
				A4FD7A3D2541E1C90016A23F /* DetailVC */,
			);
			path = View;
			sourceTree = "<group>";
		};
		A4FD7A2E253F6F7E0016A23F /* MatinyNikeChallengeTests */ = {
			isa = PBXGroup;
			children = (
				A43C294825437E0F00B49864 /* NikeAlbumTest.swift */,
				A4FD7A2F253F6F7E0016A23F /* MatinyNikeChallengeTests.swift */,
				A4FD7A37254140280016A23F /* MockData.json */,
				A4FD7A31253F6F7E0016A23F /* Info.plist */,
			);
			path = MatinyNikeChallengeTests;
			sourceTree = "<group>";
		};
		A4FD7A392541D9E40016A23F /* Model */ = {
			isa = PBXGroup;
			children = (
				A4FD7A3A2541DA110016A23F /* Album.swift */,
				A42A057B253783BE003D26E4 /* iTunesAPI.swift */,
			);
			path = Model;
			sourceTree = "<group>";
		};
		A4FD7A3D2541E1C90016A23F /* DetailVC */ = {
			isa = PBXGroup;
			children = (
				A4AC9546253D380000D4DD64 /* AlbumDetail.swift */,
			);
			path = DetailVC;
			sourceTree = "<group>";
		};
		A4FD7A402541EA800016A23F /* Resources */ = {
			isa = PBXGroup;
			children = (
				A4FD7A4B2541FABA0016A23F /* UIView.swift */,
			);
			path = Resources;
			sourceTree = "<group>";
		};
		A4FD7A4D25432B760016A23F /* Cell */ = {
			isa = PBXGroup;
			children = (
				A42A057D253BF304003D26E4 /* CustomCell.swift */,
			);
			path = Cell;
			sourceTree = "<group>";
		};
/* End PBXGroup section */

/* Begin PBXNativeTarget section */
		A42A05612537721F003D26E4 /* MatinyNikeChallenge */ = {
			isa = PBXNativeTarget;
			buildConfigurationList = A42A057625377220003D26E4 /* Build configuration list for PBXNativeTarget "MatinyNikeChallenge" */;
			buildPhases = (
				A42A055E2537721F003D26E4 /* Sources */,
				A42A055F2537721F003D26E4 /* Frameworks */,
				A42A05602537721F003D26E4 /* Resources */,
			);
			buildRules = (
			);
			dependencies = (
			);
			name = MatinyNikeChallenge;
			productName = MatinyNikeChallenge;
			productReference = A42A05622537721F003D26E4 /* MatinyNikeChallenge.app */;
			productType = "com.apple.product-type.application";
		};
		A4FD7A2C253F6F7D0016A23F /* MatinyNikeChallengeTests */ = {
			isa = PBXNativeTarget;
			buildConfigurationList = A4FD7A36253F6F7E0016A23F /* Build configuration list for PBXNativeTarget "MatinyNikeChallengeTests" */;
			buildPhases = (
				A4FD7A29253F6F7D0016A23F /* Sources */,
				A4FD7A2A253F6F7D0016A23F /* Frameworks */,
				A4FD7A2B253F6F7D0016A23F /* Resources */,
			);
			buildRules = (
			);
			dependencies = (
				A4FD7A33253F6F7E0016A23F /* PBXTargetDependency */,
			);
			name = MatinyNikeChallengeTests;
			productName = MatinyNikeChallengeTests;
			productReference = A4FD7A2D253F6F7D0016A23F /* MatinyNikeChallengeTests.xctest */;
			productType = "com.apple.product-type.bundle.unit-test";
		};
/* End PBXNativeTarget section */

/* Begin PBXProject section */
		A42A055A2537721F003D26E4 /* Project object */ = {
			isa = PBXProject;
			attributes = {
				LastSwiftUpdateCheck = 1170;
				LastUpgradeCheck = 1170;
				ORGANIZATIONNAME = "Matiny L";
				TargetAttributes = {
					A42A05612537721F003D26E4 = {
						CreatedOnToolsVersion = 11.7;
					};
					A4FD7A2C253F6F7D0016A23F = {
						CreatedOnToolsVersion = 11.7;
						TestTargetID = A42A05612537721F003D26E4;
					};
				};
			};
			buildConfigurationList = A42A055D2537721F003D26E4 /* Build configuration list for PBXProject "MatinyNikeChallenge" */;
			compatibilityVersion = "Xcode 9.3";
			developmentRegion = en;
			hasScannedForEncodings = 0;
			knownRegions = (
				en,
				Base,
			);
			mainGroup = A42A05592537721F003D26E4;
			productRefGroup = A42A05632537721F003D26E4 /* Products */;
			projectDirPath = "";
			projectRoot = "";
			targets = (
				A42A05612537721F003D26E4 /* MatinyNikeChallenge */,
				A4FD7A2C253F6F7D0016A23F /* MatinyNikeChallengeTests */,
			);
		};
/* End PBXProject section */

/* Begin PBXResourcesBuildPhase section */
		A42A05602537721F003D26E4 /* Resources */ = {
			isa = PBXResourcesBuildPhase;
			buildActionMask = 2147483647;
			files = (
				A42A057225377220003D26E4 /* LaunchScreen.storyboard in Resources */,
				A42A056F25377220003D26E4 /* Assets.xcassets in Resources */,
			);
			runOnlyForDeploymentPostprocessing = 0;
		};
		A4FD7A2B253F6F7D0016A23F /* Resources */ = {
			isa = PBXResourcesBuildPhase;
			buildActionMask = 2147483647;
			files = (
			);
			runOnlyForDeploymentPostprocessing = 0;
		};
/* End PBXResourcesBuildPhase section */

/* Begin PBXSourcesBuildPhase section */
		A42A055E2537721F003D26E4 /* Sources */ = {
			isa = PBXSourcesBuildPhase;
			buildActionMask = 2147483647;
			files = (
				A4FD7A4C2541FABA0016A23F /* UIView.swift in Sources */,
				A42A056A2537721F003D26E4 /* ViewController.swift in Sources */,
				A4AC9545253CF42500D4DD64 /* CustomImageView.swift in Sources */,
				A42A057C253783BE003D26E4 /* iTunesAPI.swift in Sources */,
				A42A057E253BF304003D26E4 /* CustomCell.swift in Sources */,
				A4AC9547253D380000D4DD64 /* AlbumDetail.swift in Sources */,
				A42A05662537721F003D26E4 /* AppDelegate.swift in Sources */,
				A42A05682537721F003D26E4 /* SceneDelegate.swift in Sources */,
				A4FD7A3B2541DA110016A23F /* Album.swift in Sources */,
			);
			runOnlyForDeploymentPostprocessing = 0;
		};
		A4FD7A29253F6F7D0016A23F /* Sources */ = {
			isa = PBXSourcesBuildPhase;
			buildActionMask = 2147483647;
			files = (
				A43C294925437E0F00B49864 /* NikeAlbumTest.swift in Sources */,
				A4FD7A30253F6F7E0016A23F /* MatinyNikeChallengeTests.swift in Sources */,
				A4FD7A38254140280016A23F /* MockData.json in Sources */,
			);
			runOnlyForDeploymentPostprocessing = 0;
		};
/* End PBXSourcesBuildPhase section */

/* Begin PBXTargetDependency section */
		A4FD7A33253F6F7E0016A23F /* PBXTargetDependency */ = {
			isa = PBXTargetDependency;
			target = A42A05612537721F003D26E4 /* MatinyNikeChallenge */;
			targetProxy = A4FD7A32253F6F7E0016A23F /* PBXContainerItemProxy */;
		};
/* End PBXTargetDependency section */

/* Begin PBXVariantGroup section */
		A42A057025377220003D26E4 /* LaunchScreen.storyboard */ = {
			isa = PBXVariantGroup;
			children = (
				A42A057125377220003D26E4 /* Base */,
			);
			name = LaunchScreen.storyboard;
			sourceTree = "<group>";
		};
/* End PBXVariantGroup section */

/* Begin XCBuildConfiguration section */
		A42A057425377220003D26E4 /* Debug */ = {
			isa = XCBuildConfiguration;
			buildSettings = {
				ALWAYS_SEARCH_USER_PATHS = NO;
				CLANG_ANALYZER_NONNULL = YES;
				CLANG_ANALYZER_NUMBER_OBJECT_CONVERSION = YES_AGGRESSIVE;
				CLANG_CXX_LANGUAGE_STANDARD = "gnu++14";
				CLANG_CXX_LIBRARY = "libc++";
				CLANG_ENABLE_MODULES = YES;
				CLANG_ENABLE_OBJC_ARC = YES;
				CLANG_ENABLE_OBJC_WEAK = YES;
				CLANG_WARN_BLOCK_CAPTURE_AUTORELEASING = YES;
				CLANG_WARN_BOOL_CONVERSION = YES;
				CLANG_WARN_COMMA = YES;
				CLANG_WARN_CONSTANT_CONVERSION = YES;
				CLANG_WARN_DEPRECATED_OBJC_IMPLEMENTATIONS = YES;
				CLANG_WARN_DIRECT_OBJC_ISA_USAGE = YES_ERROR;
				CLANG_WARN_DOCUMENTATION_COMMENTS = YES;
				CLANG_WARN_EMPTY_BODY = YES;
				CLANG_WARN_ENUM_CONVERSION = YES;
				CLANG_WARN_INFINITE_RECURSION = YES;
				CLANG_WARN_INT_CONVERSION = YES;
				CLANG_WARN_NON_LITERAL_NULL_CONVERSION = YES;
				CLANG_WARN_OBJC_IMPLICIT_RETAIN_SELF = YES;
				CLANG_WARN_OBJC_LITERAL_CONVERSION = YES;
				CLANG_WARN_OBJC_ROOT_CLASS = YES_ERROR;
				CLANG_WARN_RANGE_LOOP_ANALYSIS = YES;
				CLANG_WARN_STRICT_PROTOTYPES = YES;
				CLANG_WARN_SUSPICIOUS_MOVE = YES;
				CLANG_WARN_UNGUARDED_AVAILABILITY = YES_AGGRESSIVE;
				CLANG_WARN_UNREACHABLE_CODE = YES;
				CLANG_WARN__DUPLICATE_METHOD_MATCH = YES;
				COPY_PHASE_STRIP = NO;
				DEBUG_INFORMATION_FORMAT = dwarf;
				ENABLE_STRICT_OBJC_MSGSEND = YES;
				ENABLE_TESTABILITY = YES;
				GCC_C_LANGUAGE_STANDARD = gnu11;
				GCC_DYNAMIC_NO_PIC = NO;
				GCC_NO_COMMON_BLOCKS = YES;
				GCC_OPTIMIZATION_LEVEL = 0;
				GCC_PREPROCESSOR_DEFINITIONS = (
					"DEBUG=1",
					"$(inherited)",
				);
				GCC_WARN_64_TO_32_BIT_CONVERSION = YES;
				GCC_WARN_ABOUT_RETURN_TYPE = YES_ERROR;
				GCC_WARN_UNDECLARED_SELECTOR = YES;
				GCC_WARN_UNINITIALIZED_AUTOS = YES_AGGRESSIVE;
				GCC_WARN_UNUSED_FUNCTION = YES;
				GCC_WARN_UNUSED_VARIABLE = YES;
				IPHONEOS_DEPLOYMENT_TARGET = 13.7;
				MTL_ENABLE_DEBUG_INFO = INCLUDE_SOURCE;
				MTL_FAST_MATH = YES;
				ONLY_ACTIVE_ARCH = YES;
				SDKROOT = iphoneos;
				SWIFT_ACTIVE_COMPILATION_CONDITIONS = DEBUG;
				SWIFT_OPTIMIZATION_LEVEL = "-Onone";
			};
			name = Debug;
		};
		A42A057525377220003D26E4 /* Release */ = {
			isa = XCBuildConfiguration;
			buildSettings = {
				ALWAYS_SEARCH_USER_PATHS = NO;
				CLANG_ANALYZER_NONNULL = YES;
				CLANG_ANALYZER_NUMBER_OBJECT_CONVERSION = YES_AGGRESSIVE;
				CLANG_CXX_LANGUAGE_STANDARD = "gnu++14";
				CLANG_CXX_LIBRARY = "libc++";
				CLANG_ENABLE_MODULES = YES;
				CLANG_ENABLE_OBJC_ARC = YES;
				CLANG_ENABLE_OBJC_WEAK = YES;
				CLANG_WARN_BLOCK_CAPTURE_AUTORELEASING = YES;
				CLANG_WARN_BOOL_CONVERSION = YES;
				CLANG_WARN_COMMA = YES;
				CLANG_WARN_CONSTANT_CONVERSION = YES;
				CLANG_WARN_DEPRECATED_OBJC_IMPLEMENTATIONS = YES;
				CLANG_WARN_DIRECT_OBJC_ISA_USAGE = YES_ERROR;
				CLANG_WARN_DOCUMENTATION_COMMENTS = YES;
				CLANG_WARN_EMPTY_BODY = YES;
				CLANG_WARN_ENUM_CONVERSION = YES;
				CLANG_WARN_INFINITE_RECURSION = YES;
				CLANG_WARN_INT_CONVERSION = YES;
				CLANG_WARN_NON_LITERAL_NULL_CONVERSION = YES;
				CLANG_WARN_OBJC_IMPLICIT_RETAIN_SELF = YES;
				CLANG_WARN_OBJC_LITERAL_CONVERSION = YES;
				CLANG_WARN_OBJC_ROOT_CLASS = YES_ERROR;
				CLANG_WARN_RANGE_LOOP_ANALYSIS = YES;
				CLANG_WARN_STRICT_PROTOTYPES = YES;
				CLANG_WARN_SUSPICIOUS_MOVE = YES;
				CLANG_WARN_UNGUARDED_AVAILABILITY = YES_AGGRESSIVE;
				CLANG_WARN_UNREACHABLE_CODE = YES;
				CLANG_WARN__DUPLICATE_METHOD_MATCH = YES;
				COPY_PHASE_STRIP = NO;
				DEBUG_INFORMATION_FORMAT = "dwarf-with-dsym";
				ENABLE_NS_ASSERTIONS = NO;
				ENABLE_STRICT_OBJC_MSGSEND = YES;
				GCC_C_LANGUAGE_STANDARD = gnu11;
				GCC_NO_COMMON_BLOCKS = YES;
				GCC_WARN_64_TO_32_BIT_CONVERSION = YES;
				GCC_WARN_ABOUT_RETURN_TYPE = YES_ERROR;
				GCC_WARN_UNDECLARED_SELECTOR = YES;
				GCC_WARN_UNINITIALIZED_AUTOS = YES_AGGRESSIVE;
				GCC_WARN_UNUSED_FUNCTION = YES;
				GCC_WARN_UNUSED_VARIABLE = YES;
				IPHONEOS_DEPLOYMENT_TARGET = 13.7;
				MTL_ENABLE_DEBUG_INFO = NO;
				MTL_FAST_MATH = YES;
				SDKROOT = iphoneos;
				SWIFT_COMPILATION_MODE = wholemodule;
				SWIFT_OPTIMIZATION_LEVEL = "-O";
				VALIDATE_PRODUCT = YES;
			};
			name = Release;
		};
		A42A057725377220003D26E4 /* Debug */ = {
			isa = XCBuildConfiguration;
			buildSettings = {
				ASSETCATALOG_COMPILER_APPICON_NAME = AppIcon;
				CODE_SIGN_STYLE = Automatic;
				INFOPLIST_FILE = MatinyNikeChallenge/Info.plist;
				LD_RUNPATH_SEARCH_PATHS = (
					"$(inherited)",
					"@executable_path/Frameworks",
				);
				PRODUCT_BUNDLE_IDENTIFIER = Matiny.MatinyNikeChallenge;
				PRODUCT_NAME = "$(TARGET_NAME)";
				SWIFT_VERSION = 5.0;
				TARGETED_DEVICE_FAMILY = "1,2";
			};
			name = Debug;
		};
		A42A057825377220003D26E4 /* Release */ = {
			isa = XCBuildConfiguration;
			buildSettings = {
				ASSETCATALOG_COMPILER_APPICON_NAME = AppIcon;
				CODE_SIGN_STYLE = Automatic;
				INFOPLIST_FILE = MatinyNikeChallenge/Info.plist;
				LD_RUNPATH_SEARCH_PATHS = (
					"$(inherited)",
					"@executable_path/Frameworks",
				);
				PRODUCT_BUNDLE_IDENTIFIER = Matiny.MatinyNikeChallenge;
				PRODUCT_NAME = "$(TARGET_NAME)";
				SWIFT_VERSION = 5.0;
				TARGETED_DEVICE_FAMILY = "1,2";
			};
			name = Release;
		};
		A4FD7A34253F6F7E0016A23F /* Debug */ = {
			isa = XCBuildConfiguration;
			buildSettings = {
				BUNDLE_LOADER = "$(TEST_HOST)";
				CODE_SIGN_STYLE = Automatic;
				INFOPLIST_FILE = MatinyNikeChallengeTests/Info.plist;
				LD_RUNPATH_SEARCH_PATHS = (
					"$(inherited)",
					"@executable_path/Frameworks",
					"@loader_path/Frameworks",
				);
				PRODUCT_BUNDLE_IDENTIFIER = Matiny.MatinyNikeChallengeTests;
				PRODUCT_NAME = "$(TARGET_NAME)";
				SWIFT_VERSION = 5.0;
				TARGETED_DEVICE_FAMILY = "1,2";
				TEST_HOST = "$(BUILT_PRODUCTS_DIR)/MatinyNikeChallenge.app/MatinyNikeChallenge";
			};
			name = Debug;
		};
		A4FD7A35253F6F7E0016A23F /* Release */ = {
			isa = XCBuildConfiguration;
			buildSettings = {
				BUNDLE_LOADER = "$(TEST_HOST)";
				CODE_SIGN_STYLE = Automatic;
				INFOPLIST_FILE = MatinyNikeChallengeTests/Info.plist;
				LD_RUNPATH_SEARCH_PATHS = (
					"$(inherited)",
					"@executable_path/Frameworks",
					"@loader_path/Frameworks",
				);
				PRODUCT_BUNDLE_IDENTIFIER = Matiny.MatinyNikeChallengeTests;
				PRODUCT_NAME = "$(TARGET_NAME)";
				SWIFT_VERSION = 5.0;
				TARGETED_DEVICE_FAMILY = "1,2";
				TEST_HOST = "$(BUILT_PRODUCTS_DIR)/MatinyNikeChallenge.app/MatinyNikeChallenge";
			};
			name = Release;
		};
/* End XCBuildConfiguration section */

/* Begin XCConfigurationList section */
		A42A055D2537721F003D26E4 /* Build configuration list for PBXProject "MatinyNikeChallenge" */ = {
			isa = XCConfigurationList;
			buildConfigurations = (
				A42A057425377220003D26E4 /* Debug */,
				A42A057525377220003D26E4 /* Release */,
			);
			defaultConfigurationIsVisible = 0;
			defaultConfigurationName = Release;
		};
		A42A057625377220003D26E4 /* Build configuration list for PBXNativeTarget "MatinyNikeChallenge" */ = {
			isa = XCConfigurationList;
			buildConfigurations = (
				A42A057725377220003D26E4 /* Debug */,
				A42A057825377220003D26E4 /* Release */,
			);
			defaultConfigurationIsVisible = 0;
			defaultConfigurationName = Release;
		};
		A4FD7A36253F6F7E0016A23F /* Build configuration list for PBXNativeTarget "MatinyNikeChallengeTests" */ = {
			isa = XCConfigurationList;
			buildConfigurations = (
				A4FD7A34253F6F7E0016A23F /* Debug */,
				A4FD7A35253F6F7E0016A23F /* Release */,
			);
			defaultConfigurationIsVisible = 0;
			defaultConfigurationName = Release;
		};
/* End XCConfigurationList section */
	};
	rootObject = A42A055A2537721F003D26E4 /* Project object */;
}
